dependencies:
- name: frontend
  repository: file://../frontend
  version: 0.1.0
- name: backend
  repository: file://../backend
  version: 0.1.0
- name: mongodb
  repository: file://../mongodb
  version: 0.1.0
digest: sha256:4adbf21293d7198f50bc601a0be8c377ee897827305cfbeee715ad5d15c3bcc6
generated: "2025-04-06T23:30:43.72119129-04:00"
